// !$*UTF8*$!
{
	archiveVersion = 1;
	classes = {
	};
	objectVersion = 77;
	objects = {

/* Begin PBXBuildFile section */
		0BEE3F969A1E42E54CE2BADF /* DrawingCanvas.swift in Sources */ = {isa = PBXBuildFile; fileRef = D15BF6A3A678CACE90CC6C92 /* DrawingCanvas.swift */; };
		2E441EC8D091239A18293AA3 /* PromptBank.swift in Sources */ = {isa = PBXBuildFile; fileRef = 3269B724F5FE96BEF8B9A190 /* PromptBank.swift */; };
		316B11FF911567BC3201035A /* JournalPage.swift in Sources */ = {isa = PBXBuildFile; fileRef = 307B59FC2EEF56FB1BC9D00E /* JournalPage.swift */; };
		41942013B0D59212EAFF72EB /* JournalStyle.swift in Sources */ = {isa = PBXBuildFile; fileRef = 724FFBBAC2194B88770655E5 /* JournalStyle.swift */; };
		550E654FEFC7F4D6F6BC255B /* EntryListView.swift in Sources */ = {isa = PBXBuildFile; fileRef = F63C2F6C6A885D830287DC81 /* EntryListView.swift */; };
		68DB1AE7DDE41DFE9A88AA79 /* JournalTheme.swift in Sources */ = {isa = PBXBuildFile; fileRef = 9552F31413FD2A3F192259C6 /* JournalTheme.swift */; };
		698A359831B1E078A7F45B50 /* StylePickerView.swift in Sources */ = {isa = PBXBuildFile; fileRef = 1E66DA7E32AF3C59DB688E75 /* StylePickerView.swift */; };
		7EE8A95F37BE23F0251CD1DE /* RuledBackgroundView.swift in Sources */ = {isa = PBXBuildFile; fileRef = 5155865452570F8A98E9B735 /* RuledBackgroundView.swift */; };
		906FD68914896BC843F75543 /* Theme.swift in Sources */ = {isa = PBXBuildFile; fileRef = 42A5C7FB54BCBA0B58CA1716 /* Theme.swift */; };
		97363060B6622CD808E29A72 /* LilacApp.swift in Sources */ = {isa = PBXBuildFile; fileRef = 531180A415B87E8992731898 /* LilacApp.swift */; };
		C4F854DD118447783CF05C46 /* JournalEntry.swift in Sources */ = {isa = PBXBuildFile; fileRef = 6C17E63CFB02B2F508439C50 /* JournalEntry.swift */; };
		FD735B651F662BD75F38D574 /* EntryEditorView.swift in Sources */ = {isa = PBXBuildFile; fileRef = 7F2F9491E4FA2CBD70543478 /* EntryEditorView.swift */; };
		FE70EADE237B0571ED015F36 /* RuledPaper.swift in Sources */ = {isa = PBXBuildFile; fileRef = 744C0DE76A780609CAADD0FE /* RuledPaper.swift */; };
/* End PBXBuildFile section */

/* Begin PBXFileReference section */
		17CCB34627D83B275907C8A4 /* Lilac.app */ = {isa = PBXFileReference; includeInIndex = 0; lastKnownFileType = wrapper.application; path = Lilac.app; sourceTree = BUILT_PRODUCTS_DIR; };
		1E66DA7E32AF3C59DB688E75 /* StylePickerView.swift */ = {isa = PBXFileReference; lastKnownFileType = sourcecode.swift; path = StylePickerView.swift; sourceTree = "<group>"; };
		307B59FC2EEF56FB1BC9D00E /* JournalPage.swift */ = {isa = PBXFileReference; lastKnownFileType = sourcecode.swift; path = JournalPage.swift; sourceTree = "<group>"; };
		3269B724F5FE96BEF8B9A190 /* PromptBank.swift */ = {isa = PBXFileReference; lastKnownFileType = sourcecode.swift; path = PromptBank.swift; sourceTree = "<group>"; };
		42A5C7FB54BCBA0B58CA1716 /* Theme.swift */ = {isa = PBXFileReference; lastKnownFileType = sourcecode.swift; path = Theme.swift; sourceTree = "<group>"; };
		5155865452570F8A98E9B735 /* RuledBackgroundView.swift */ = {isa = PBXFileReference; lastKnownFileType = sourcecode.swift; path = RuledBackgroundView.swift; sourceTree = "<group>"; };
		531180A415B87E8992731898 /* LilacApp.swift */ = {isa = PBXFileReference; lastKnownFileType = sourcecode.swift; path = LilacApp.swift; sourceTree = "<group>"; };
		6C17E63CFB02B2F508439C50 /* JournalEntry.swift */ = {isa = PBXFileReference; lastKnownFileType = sourcecode.swift; path = JournalEntry.swift; sourceTree = "<group>"; };
		724FFBBAC2194B88770655E5 /* JournalStyle.swift */ = {isa = PBXFileReference; lastKnownFileType = sourcecode.swift; path = JournalStyle.swift; sourceTree = "<group>"; };
		744C0DE76A780609CAADD0FE /* RuledPaper.swift */ = {isa = PBXFileReference; lastKnownFileType = sourcecode.swift; path = RuledPaper.swift; sourceTree = "<group>"; };
		7F2F9491E4FA2CBD70543478 /* EntryEditorView.swift */ = {isa = PBXFileReference; lastKnownFileType = sourcecode.swift; path = EntryEditorView.swift; sourceTree = "<group>"; };
		9552F31413FD2A3F192259C6 /* JournalTheme.swift */ = {isa = PBXFileReference; lastKnownFileType = sourcecode.swift; path = JournalTheme.swift; sourceTree = "<group>"; };
		D15BF6A3A678CACE90CC6C92 /* DrawingCanvas.swift */ = {isa = PBXFileReference; lastKnownFileType = sourcecode.swift; path = DrawingCanvas.swift; sourceTree = "<group>"; };
		F63C2F6C6A885D830287DC81 /* EntryListView.swift */ = {isa = PBXFileReference; lastKnownFileType = sourcecode.swift; path = EntryListView.swift; sourceTree = "<group>"; };
/* End PBXFileReference section */

/* Begin PBXGroup section */
		2E1484378137FC4D859B101E /* Sources */ = {
			isa = PBXGroup;
			children = (
				531180A415B87E8992731898 /* LilacApp.swift */,
				42A5C7FB54BCBA0B58CA1716 /* Theme.swift */,
				3B5BE6C877FC06FB0AD07BB1 /* Journal */,
				E18CAE35C308D599009DAC41 /* Models */,
				7DAE16720E275ACDB9DFEDFA /* Prompts */,
				FD2686012767B3A56D7799A8 /* Views */,
			);
			path = Sources;
			sourceTree = "<group>";
		};
		3B5BE6C877FC06FB0AD07BB1 /* Journal */ = {
			isa = PBXGroup;
			children = (
				D15BF6A3A678CACE90CC6C92 /* DrawingCanvas.swift */,
				307B59FC2EEF56FB1BC9D00E /* JournalPage.swift */,
				9552F31413FD2A3F192259C6 /* JournalTheme.swift */,
				5155865452570F8A98E9B735 /* RuledBackgroundView.swift */,
				744C0DE76A780609CAADD0FE /* RuledPaper.swift */,
			);
			path = Journal;
			sourceTree = "<group>";
		};
		655698E0AEEAF027D92945CD = {
			isa = PBXGroup;
			children = (
				2E1484378137FC4D859B101E /* Sources */,
				C7CB19E6DCBB8057044B9E71 /* Products */,
			);
			sourceTree = "<group>";
		};
		7DAE16720E275ACDB9DFEDFA /* Prompts */ = {
			isa = PBXGroup;
			children = (
				3269B724F5FE96BEF8B9A190 /* PromptBank.swift */,
			);
			path = Prompts;
			sourceTree = "<group>";
		};
		C7CB19E6DCBB8057044B9E71 /* Products */ = {
			isa = PBXGroup;
			children = (
				17CCB34627D83B275907C8A4 /* Lilac.app */,
			);
			name = Products;
			sourceTree = "<group>";
		};
		E18CAE35C308D599009DAC41 /* Models */ = {
			isa = PBXGroup;
			children = (
				6C17E63CFB02B2F508439C50 /* JournalEntry.swift */,
				724FFBBAC2194B88770655E5 /* JournalStyle.swift */,
			);
			path = Models;
			sourceTree = "<group>";
		};
		FD2686012767B3A56D7799A8 /* Views */ = {
			isa = PBXGroup;
			children = (
				7F2F9491E4FA2CBD70543478 /* EntryEditorView.swift */,
				F63C2F6C6A885D830287DC81 /* EntryListView.swift */,
				1E66DA7E32AF3C59DB688E75 /* StylePickerView.swift */,
			);
			path = Views;
			sourceTree = "<group>";
		};
/* End PBXGroup section */

/* Begin PBXNativeTarget section */
		588507146CBBD4E3CB911C38 /* Lilac */ = {
			isa = PBXNativeTarget;
			buildConfigurationList = 3F35E7B77FBF5287220D99C9 /* Build configuration list for PBXNativeTarget "Lilac" */;
			buildPhases = (
				7FCA9F95E9EA3A6D49408310 /* Sources */,
			);
			buildRules = (
			);
			dependencies = (
			);
			name = Lilac;
			packageProductDependencies = (
			);
			productName = Lilac;
			productReference = 17CCB34627D83B275907C8A4 /* Lilac.app */;
			productType = "com.apple.product-type.application";
		};
/* End PBXNativeTarget section */

/* Begin PBXProject section */
		2655B68D9406777DA1388772 /* Project object */ = {
			isa = PBXProject;
			attributes = {
				BuildIndependentTargetsInParallel = YES;
				LastUpgradeCheck = 1430;
				TargetAttributes = {
				};
			};
			buildConfigurationList = 65E207172BE1E833E9D20B73 /* Build configuration list for PBXProject "Lilac" */;
			developmentRegion = en;
			hasScannedForEncodings = 0;
			knownRegions = (
				Base,
				en,
			);
			mainGroup = 655698E0AEEAF027D92945CD;
			minimizedProjectReferenceProxies = 1;
			preferredProjectObjectVersion = 77;
			productRefGroup = C7CB19E6DCBB8057044B9E71 /* Products */;
			projectDirPath = "";
			projectRoot = "";
			targets = (
				588507146CBBD4E3CB911C38 /* Lilac */,
			);
		};
/* End PBXProject section */

/* Begin PBXSourcesBuildPhase section */
		7FCA9F95E9EA3A6D49408310 /* Sources */ = {
			isa = PBXSourcesBuildPhase;
			buildActionMask = 2147483647;
			files = (
				0BEE3F969A1E42E54CE2BADF /* DrawingCanvas.swift in Sources */,
				FD735B651F662BD75F38D574 /* EntryEditorView.swift in Sources */,
				550E654FEFC7F4D6F6BC255B /* EntryListView.swift in Sources */,
				C4F854DD118447783CF05C46 /* JournalEntry.swift in Sources */,
				316B11FF911567BC3201035A /* JournalPage.swift in Sources */,
				41942013B0D59212EAFF72EB /* JournalStyle.swift in Sources */,
				68DB1AE7DDE41DFE9A88AA79 /* JournalTheme.swift in Sources */,
				97363060B6622CD808E29A72 /* LilacApp.swift in Sources */,
				2E441EC8D091239A18293AA3 /* PromptBank.swift in Sources */,
				7EE8A95F37BE23F0251CD1DE /* RuledBackgroundView.swift in Sources */,
				FE70EADE237B0571ED015F36 /* RuledPaper.swift in Sources */,
				698A359831B1E078A7F45B50 /* StylePickerView.swift in Sources */,
				906FD68914896BC843F75543 /* Theme.swift in Sources */,
			);
			runOnlyForDeploymentPostprocessing = 0;
		};
/* End PBXSourcesBuildPhase section */

/* Begin XCBuildConfiguration section */
		196BFC288D46732AEA32E07D /* Release */ = {
			isa = XCBuildConfiguration;
			buildSettings = {
				ALWAYS_SEARCH_USER_PATHS = NO;
				CLANG_ANALYZER_NONNULL = YES;
				CLANG_ANALYZER_NUMBER_OBJECT_CONVERSION = YES_AGGRESSIVE;
				CLANG_CXX_LANGUAGE_STANDARD = "gnu++14";
				CLANG_CXX_LIBRARY = "libc++";
				CLANG_ENABLE_MODULES = YES;
				CLANG_ENABLE_OBJC_ARC = YES;
				CLANG_ENABLE_OBJC_WEAK = YES;
				CLANG_WARN_BLOCK_CAPTURE_AUTORELEASING = YES;
				CLANG_WARN_BOOL_CONVERSION = YES;
				CLANG_WARN_COMMA = YES;
				CLANG_WARN_CONSTANT_CONVERSION = YES;
				CLANG_WARN_DEPRECATED_OBJC_IMPLEMENTATIONS = YES;
				CLANG_WARN_DIRECT_OBJC_ISA_USAGE = YES_ERROR;
				CLANG_WARN_DOCUMENTATION_COMMENTS = YES;
				CLANG_WARN_EMPTY_BODY = YES;
				CLANG_WARN_ENUM_CONVERSION = YES;
				CLANG_WARN_INFINITE_RECURSION = YES;
				CLANG_WARN_INT_CONVERSION = YES;
				CLANG_WARN_NON_LITERAL_NULL_CONVERSION = YES;
				CLANG_WARN_OBJC_IMPLICIT_RETAIN_SELF = YES;
				CLANG_WARN_OBJC_LITERAL_CONVERSION = YES;
				CLANG_WARN_OBJC_ROOT_CLASS = YES_ERROR;
				CLANG_WARN_QUOTED_INCLUDE_IN_FRAMEWORK_HEADER = YES;
				CLANG_WARN_RANGE_LOOP_ANALYSIS = YES;
				CLANG_WARN_STRICT_PROTOTYPES = YES;
				CLANG_WARN_SUSPICIOUS_MOVE = YES;
				CLANG_WARN_UNGUARDED_AVAILABILITY = YES_AGGRESSIVE;
				CLANG_WARN_UNREACHABLE_CODE = YES;
				CLANG_WARN__DUPLICATE_METHOD_MATCH = YES;
				COPY_PHASE_STRIP = NO;
				DEBUG_INFORMATION_FORMAT = "dwarf-with-dsym";
				ENABLE_NS_ASSERTIONS = NO;
				ENABLE_STRICT_OBJC_MSGSEND = YES;
				GCC_C_LANGUAGE_STANDARD = gnu11;
				GCC_NO_COMMON_BLOCKS = YES;
				GCC_WARN_64_TO_32_BIT_CONVERSION = YES;
				GCC_WARN_ABOUT_RETURN_TYPE = YES_ERROR;
				GCC_WARN_UNDECLARED_SELECTOR = YES;
				GCC_WARN_UNINITIALIZED_AUTOS = YES_AGGRESSIVE;
				GCC_WARN_UNUSED_FUNCTION = YES;
				GCC_WARN_UNUSED_VARIABLE = YES;
				IPHONEOS_DEPLOYMENT_TARGET = 17.0;
				MTL_ENABLE_DEBUG_INFO = NO;
				MTL_FAST_MATH = YES;
				PRODUCT_NAME = "$(TARGET_NAME)";
				SDKROOT = iphoneos;
				SWIFT_COMPILATION_MODE = wholemodule;
				SWIFT_OPTIMIZATION_LEVEL = "-O";
				SWIFT_VERSION = 5.0;
			};
			name = Release;
		};
		41C560559B3478B77E8B6287 /* Debug */ = {
			isa = XCBuildConfiguration;
			buildSettings = {
				ALWAYS_SEARCH_USER_PATHS = NO;
				CLANG_ANALYZER_NONNULL = YES;
				CLANG_ANALYZER_NUMBER_OBJECT_CONVERSION = YES_AGGRESSIVE;
				CLANG_CXX_LANGUAGE_STANDARD = "gnu++14";
				CLANG_CXX_LIBRARY = "libc++";
				CLANG_ENABLE_MODULES = YES;
				CLANG_ENABLE_OBJC_ARC = YES;
				CLANG_ENABLE_OBJC_WEAK = YES;
				CLANG_WARN_BLOCK_CAPTURE_AUTORELEASING = YES;
				CLANG_WARN_BOOL_CONVERSION = YES;
				CLANG_WARN_COMMA = YES;
				CLANG_WARN_CONSTANT_CONVERSION = YES;
				CLANG_WARN_DEPRECATED_OBJC_IMPLEMENTATIONS = YES;
				CLANG_WARN_DIRECT_OBJC_ISA_USAGE = YES_ERROR;
				CLANG_WARN_DOCUMENTATION_COMMENTS = YES;
				CLANG_WARN_EMPTY_BODY = YES;
				CLANG_WARN_ENUM_CONVERSION = YES;
				CLANG_WARN_INFINITE_RECURSION = YES;
				CLANG_WARN_INT_CONVERSION = YES;
				CLANG_WARN_NON_LITERAL_NULL_CONVERSION = YES;
				CLANG_WARN_OBJC_IMPLICIT_RETAIN_SELF = YES;
				CLANG_WARN_OBJC_LITERAL_CONVERSION = YES;
				CLANG_WARN_OBJC_ROOT_CLASS = YES_ERROR;
				CLANG_WARN_QUOTED_INCLUDE_IN_FRAMEWORK_HEADER = YES;
				CLANG_WARN_RANGE_LOOP_ANALYSIS = YES;
				CLANG_WARN_STRICT_PROTOTYPES = YES;
				CLANG_WARN_SUSPICIOUS_MOVE = YES;
				CLANG_WARN_UNGUARDED_AVAILABILITY = YES_AGGRESSIVE;
				CLANG_WARN_UNREACHABLE_CODE = YES;
				CLANG_WARN__DUPLICATE_METHOD_MATCH = YES;
				COPY_PHASE_STRIP = NO;
				DEBUG_INFORMATION_FORMAT = dwarf;
				ENABLE_STRICT_OBJC_MSGSEND = YES;
				ENABLE_TESTABILITY = YES;
				GCC_C_LANGUAGE_STANDARD = gnu11;
				GCC_DYNAMIC_NO_PIC = NO;
				GCC_NO_COMMON_BLOCKS = YES;
				GCC_OPTIMIZATION_LEVEL = 0;
				GCC_PREPROCESSOR_DEFINITIONS = (
					"$(inherited)",
					"DEBUG=1",
				);
				GCC_WARN_64_TO_32_BIT_CONVERSION = YES;
				GCC_WARN_ABOUT_RETURN_TYPE = YES_ERROR;
				GCC_WARN_UNDECLARED_SELECTOR = YES;
				GCC_WARN_UNINITIALIZED_AUTOS = YES_AGGRESSIVE;
				GCC_WARN_UNUSED_FUNCTION = YES;
				GCC_WARN_UNUSED_VARIABLE = YES;
				IPHONEOS_DEPLOYMENT_TARGET = 17.0;
				MTL_ENABLE_DEBUG_INFO = INCLUDE_SOURCE;
				MTL_FAST_MATH = YES;
				ONLY_ACTIVE_ARCH = YES;
				PRODUCT_NAME = "$(TARGET_NAME)";
				SDKROOT = iphoneos;
				SWIFT_ACTIVE_COMPILATION_CONDITIONS = DEBUG;
				SWIFT_OPTIMIZATION_LEVEL = "-Onone";
				SWIFT_VERSION = 5.0;
			};
			name = Debug;
		};
		7F97D73AC75098303CBF9884 /* Debug */ = {
			isa = XCBuildConfiguration;
			buildSettings = {
				ASSETCATALOG_COMPILER_APPICON_NAME = AppIcon;
				CODE_SIGN_IDENTITY = "iPhone Developer";
				CURRENT_PROJECT_VERSION = 1;
				GENERATE_INFOPLIST_FILE = YES;
				INFOPLIST_KEY_CFBundleDisplayName = Lilac;
				INFOPLIST_KEY_UIApplicationSceneManifest_Generation = YES;
				INFOPLIST_KEY_UILaunchScreen_Generation = YES;
				INFOPLIST_KEY_UISupportedInterfaceOrientations_iPad = "UIInterfaceOrientationPortrait UIInterfaceOrientationPortraitUpsideDown UIInterfaceOrientationLandscapeLeft UIInterfaceOrientationLandscapeRight";
				LD_RUNPATH_SEARCH_PATHS = (
					"$(inherited)",
					"@executable_path/Frameworks",
				);
				MARKETING_VERSION = 0.1.0;
				PRODUCT_BUNDLE_IDENTIFIER = com.lilac.journal;
				SDKROOT = iphoneos;
				SWIFT_VERSION = 5.0;
				TARGETED_DEVICE_FAMILY = "1,2";
			};
			name = Debug;
		};
		EF02273969F5EAAA9C9B5B59 /* Release */ = {
			isa = XCBuildConfiguration;
			buildSettings = {
				ASSETCATALOG_COMPILER_APPICON_NAME = AppIcon;
				CODE_SIGN_IDENTITY = "iPhone Developer";
				CURRENT_PROJECT_VERSION = 1;
				GENERATE_INFOPLIST_FILE = YES;
				INFOPLIST_KEY_CFBundleDisplayName = Lilac;
				INFOPLIST_KEY_UIApplicationSceneManifest_Generation = YES;
				INFOPLIST_KEY_UILaunchScreen_Generation = YES;
				INFOPLIST_KEY_UISupportedInterfaceOrientations_iPad = "UIInterfaceOrientationPortrait UIInterfaceOrientationPortraitUpsideDown UIInterfaceOrientationLandscapeLeft UIInterfaceOrientationLandscapeRight";
				LD_RUNPATH_SEARCH_PATHS = (
					"$(inherited)",
					"@executable_path/Frameworks",
				);
				MARKETING_VERSION = 0.1.0;
				PRODUCT_BUNDLE_IDENTIFIER = com.lilac.journal;
				SDKROOT = iphoneos;
				SWIFT_VERSION = 5.0;
				TARGETED_DEVICE_FAMILY = "1,2";
			};
			name = Release;
		};
/* End XCBuildConfiguration section */

/* Begin XCConfigurationList section */
		3F35E7B77FBF5287220D99C9 /* Build configuration list for PBXNativeTarget "Lilac" */ = {
			isa = XCConfigurationList;
			buildConfigurations = (
				7F97D73AC75098303CBF9884 /* Debug */,
				EF02273969F5EAAA9C9B5B59 /* Release */,
			);
			defaultConfigurationIsVisible = 0;
			defaultConfigurationName = Debug;
		};
		65E207172BE1E833E9D20B73 /* Build configuration list for PBXProject "Lilac" */ = {
			isa = XCConfigurationList;
			buildConfigurations = (
				41C560559B3478B77E8B6287 /* Debug */,
				196BFC288D46732AEA32E07D /* Release */,
			);
			defaultConfigurationIsVisible = 0;
			defaultConfigurationName = Debug;
		};
/* End XCConfigurationList section */
	};
	rootObject = 2655B68D9406777DA1388772 /* Project object */;
}
